// !$*UTF8*$!
{
	archiveVersion = 1;
	classes = {
	};
	objectVersion = 46;
	objects = {

/* Begin PBXBuildFile section */
		1DDB4E3D1E9F241600AECE64 /* AppDelegate.swift in Sources */ = {isa = PBXBuildFile; fileRef = 1DDB4E3C1E9F241600AECE64 /* AppDelegate.swift */; };
		1DDB4E421E9F241600AECE64 /* Main.storyboard in Resources */ = {isa = PBXBuildFile; fileRef = 1DDB4E401E9F241600AECE64 /* Main.storyboard */; };
		1DDB4E441E9F241600AECE64 /* Assets.xcassets in Resources */ = {isa = PBXBuildFile; fileRef = 1DDB4E431E9F241600AECE64 /* Assets.xcassets */; };
		1DDB4E471E9F241600AECE64 /* LaunchScreen.storyboard in Resources */ = {isa = PBXBuildFile; fileRef = 1DDB4E451E9F241600AECE64 /* LaunchScreen.storyboard */; };
		1DDB4E4F1E9F247F00AECE64 /* ViewController.swift in Sources */ = {isa = PBXBuildFile; fileRef = 1DDB4E4E1E9F247F00AECE64 /* ViewController.swift */; };
/* End PBXBuildFile section */

/* Begin PBXFileReference section */
		1DDB4E391E9F241600AECE64 /* RiyazLAB10Gestures.app */ = {isa = PBXFileReference; explicitFileType = wrapper.application; includeInIndex = 0; path = RiyazLAB10Gestures.app; sourceTree = BUILT_PRODUCTS_DIR; };
		1DDB4E3C1E9F241600AECE64 /* AppDelegate.swift */ = {isa = PBXFileReference; lastKnownFileType = sourcecode.swift; path = AppDelegate.swift; sourceTree = "<group>"; };
		1DDB4E411E9F241600AECE64 /* Base */ = {isa = PBXFileReference; lastKnownFileType = file.storyboard; name = Base; path = Base.lproj/Main.storyboard; sourceTree = "<group>"; };
		1DDB4E431E9F241600AECE64 /* Assets.xcassets */ = {isa = PBXFileReference; lastKnownFileType = folder.assetcatalog; path = Assets.xcassets; sourceTree = "<group>"; };
		1DDB4E461E9F241600AECE64 /* Base */ = {isa = PBXFileReference; lastKnownFileType = file.storyboard; name = Base; path = Base.lproj/LaunchScreen.storyboard; sourceTree = "<group>"; };
		1DDB4E481E9F241600AECE64 /* Info.plist */ = {isa = PBXFileReference; lastKnownFileType = text.plist.xml; path = Info.plist; sourceTree = "<group>"; };
		1DDB4E4E1E9F247F00AECE64 /* ViewController.swift */ = {isa = PBXFileReference; fileEncoding = 4; lastKnownFileType = sourcecode.swift; path = ViewController.swift; sourceTree = "<group>"; };
/* End PBXFileReference section */

/* Begin PBXFrameworksBuildPhase section */
		1DDB4E361E9F241600AECE64 /* Frameworks */ = {
			isa = PBXFrameworksBuildPhase;
			buildActionMask = 2147483647;
			files = (
			);
			runOnlyForDeploymentPostprocessing = 0;
		};
/* End PBXFrameworksBuildPhase section */

/* Begin PBXGroup section */
		1DDB4E301E9F241600AECE64 = {
			isa = PBXGroup;
			children = (
				1DDB4E3B1E9F241600AECE64 /* lab10 */,
				1DDB4E3A1E9F241600AECE64 /* Products */,
			);
			sourceTree = "<group>";
		};
		1DDB4E3A1E9F241600AECE64 /* Products */ = {
			isa = PBXGroup;
			children = (
				1DDB4E391E9F241600AECE64 /* RiyazLAB10Gestures.app */,
			);
			name = Products;
			sourceTree = "<group>";
		};
		1DDB4E3B1E9F241600AECE64 /* lab10 */ = {
			isa = PBXGroup;
			children = (
				1DDB4E3C1E9F241600AECE64 /* AppDelegate.swift */,
				1DDB4E4E1E9F247F00AECE64 /* ViewController.swift */,
				1DDB4E401E9F241600AECE64 /* Main.storyboard */,
				1DDB4E431E9F241600AECE64 /* Assets.xcassets */,
				1DDB4E451E9F241600AECE64 /* LaunchScreen.storyboard */,
				1DDB4E481E9F241600AECE64 /* Info.plist */,
			);
			name = lab10;
			path = RiyazLAB10Gestures;
			sourceTree = "<group>";
		};
/* End PBXGroup section */

/* Begin PBXNativeTarget section */
		1DDB4E381E9F241600AECE64 /* RiyazLAB10Gestures */ = {
			isa = PBXNativeTarget;
			buildConfigurationList = 1DDB4E4B1E9F241600AECE64 /* Build configuration list for PBXNativeTarget "RiyazLAB10Gestures" */;
			buildPhases = (
				1DDB4E351E9F241600AECE64 /* Sources */,
				1DDB4E361E9F241600AECE64 /* Frameworks */,
				1DDB4E371E9F241600AECE64 /* Resources */,
			);
			buildRules = (
			);
			dependencies = (
			);
			name = RiyazLAB10Gestures;
			productName = RiyazLAB10Gestures;
			productReference = 1DDB4E391E9F241600AECE64 /* RiyazLAB10Gestures.app */;
			productType = "com.apple.product-type.application";
		};
/* End PBXNativeTarget section */

/* Begin PBXProject section */
		1DDB4E311E9F241600AECE64 /* Project object */ = {
			isa = PBXProject;
			attributes = {
				LastSwiftUpdateCheck = 0810;
				LastUpgradeCheck = 0810;
				ORGANIZATIONNAME = NSP;
				TargetAttributes = {
					1DDB4E381E9F241600AECE64 = {
						CreatedOnToolsVersion = 8.1;
						ProvisioningStyle = Manual;
					};
				};
			};
			buildConfigurationList = 1DDB4E341E9F241600AECE64 /* Build configuration list for PBXProject "RiyazLAB10Gestures" */;
			compatibilityVersion = "Xcode 3.2";
			developmentRegion = English;
			hasScannedForEncodings = 0;
			knownRegions = (
				en,
				Base,
			);
			mainGroup = 1DDB4E301E9F241600AECE64;
			productRefGroup = 1DDB4E3A1E9F241600AECE64 /* Products */;
			projectDirPath = "";
			projectRoot = "";
			targets = (
				1DDB4E381E9F241600AECE64 /* RiyazLAB10Gestures */,
			);
		};
/* End PBXProject section */

/* Begin PBXResourcesBuildPhase section */
		1DDB4E371E9F241600AECE64 /* Resources */ = {
			isa = PBXResourcesBuildPhase;
			buildActionMask = 2147483647;
			files = (
				1DDB4E471E9F241600AECE64 /* LaunchScreen.storyboard in Resources */,
				1DDB4E441E9F241600AECE64 /* Assets.xcassets in Resources */,
				1DDB4E421E9F241600AECE64 /* Main.storyboard in Resources */,
			);
			runOnlyForDeploymentPostprocessing = 0;
		};
/* End PBXResourcesBuildPhase section */

/* Begin PBXSourcesBuildPhase section */
		1DDB4E351E9F241600AECE64 /* Sources */ = {
			isa = PBXSourcesBuildPhase;
			buildActionMask = 2147483647;
			files = (
				1DDB4E4F1E9F247F00AECE64 /* ViewController.swift in Sources */,
				1DDB4E3D1E9F241600AECE64 /* AppDelegate.swift in Sources */,
			);
			runOnlyForDeploymentPostprocessing = 0;
		};
/* End PBXSourcesBuildPhase section */

/* Begin PBXVariantGroup section */
		1DDB4E401E9F241600AECE64 /* Main.storyboard */ = {
			isa = PBXVariantGroup;
			children = (
				1DDB4E411E9F241600AECE64 /* Base */,
			);
			name = Main.storyboard;
			sourceTree = "<group>";
		};
		1DDB4E451E9F241600AECE64 /* LaunchScreen.storyboard */ = {
			isa = PBXVariantGroup;
			children = (
				1DDB4E461E9F241600AECE64 /* Base */,
			);
			name = LaunchScreen.storyboard;
			sourceTree = "<group>";
		};
/* End PBXVariantGroup section */

/* Begin XCBuildConfiguration section */
		1DDB4E491E9F241600AECE64 /* Debug */ = {
			isa = XCBuildConfiguration;
			buildSettings = {
				ALWAYS_SEARCH_USER_PATHS = NO;
				CLANG_ANALYZER_NONNULL = YES;
				CLANG_CXX_LANGUAGE_STANDARD = "gnu++0x";
				CLANG_CXX_LIBRARY = "libc++";
				CLANG_ENABLE_MODULES = YES;
				CLANG_ENABLE_OBJC_ARC = YES;
				CLANG_WARN_BOOL_CONVERSION = YES;
				CLANG_WARN_CONSTANT_CONVERSION = YES;
				CLANG_WARN_DIRECT_OBJC_ISA_USAGE = YES_ERROR;
				CLANG_WARN_DOCUMENTATION_COMMENTS = YES;
				CLANG_WARN_EMPTY_BODY = YES;
				CLANG_WARN_ENUM_CONVERSION = YES;
				CLANG_WARN_INFINITE_RECURSION = YES;
				CLANG_WARN_INT_CONVERSION = YES;
				CLANG_WARN_OBJC_ROOT_CLASS = YES_ERROR;
				CLANG_WARN_SUSPICIOUS_MOVES = YES;
				CLANG_WARN_UNREACHABLE_CODE = YES;
				CLANG_WARN__DUPLICATE_METHOD_MATCH = YES;
				"CODE_SIGN_IDENTITY[sdk=iphoneos*]" = "iPhone Developer";
				COPY_PHASE_STRIP = NO;
				DEBUG_INFORMATION_FORMAT = dwarf;
				ENABLE_STRICT_OBJC_MSGSEND = YES;
				ENABLE_TESTABILITY = YES;
				GCC_C_LANGUAGE_STANDARD = gnu99;
				GCC_DYNAMIC_NO_PIC = NO;
				GCC_NO_COMMON_BLOCKS = YES;
				GCC_OPTIMIZATION_LEVEL = 0;
				GCC_PREPROCESSOR_DEFINITIONS = (
					"DEBUG=1",
					"$(inherited)",
				);
				GCC_WARN_64_TO_32_BIT_CONVERSION = YES;
				GCC_WARN_ABOUT_RETURN_TYPE = YES_ERROR;
				GCC_WARN_UNDECLARED_SELECTOR = YES;
				GCC_WARN_UNINITIALIZED_AUTOS = YES_AGGRESSIVE;
				GCC_WARN_UNUSED_FUNCTION = YES;
				GCC_WARN_UNUSED_VARIABLE = YES;
				IPHONEOS_DEPLOYMENT_TARGET = 10.1;
				MTL_ENABLE_DEBUG_INFO = YES;
				ONLY_ACTIVE_ARCH = YES;
				SDKROOT = iphoneos;
				SWIFT_ACTIVE_COMPILATION_CONDITIONS = DEBUG;
				SWIFT_OPTIMIZATION_LEVEL = "-Onone";
				TARGETED_DEVICE_FAMILY = "1,2";
			};
			name = Debug;
		};
		1DDB4E4A1E9F241600AECE64 /* Release */ = {
			isa = XCBuildConfiguration;
			buildSettings = {
				ALWAYS_SEARCH_USER_PATHS = NO;
				CLANG_ANALYZER_NONNULL = YES;
				CLANG_CXX_LANGUAGE_STANDARD = "gnu++0x";
				CLANG_CXX_LIBRARY = "libc++";
				CLANG_ENABLE_MODULES = YES;
				CLANG_ENABLE_OBJC_ARC = YES;
				CLANG_WARN_BOOL_CONVERSION = YES;
				CLANG_WARN_CONSTANT_CONVERSION = YES;
				CLANG_WARN_DIRECT_OBJC_ISA_USAGE = YES_ERROR;
				CLANG_WARN_DOCUMENTATION_COMMENTS = YES;
				CLANG_WARN_EMPTY_BODY = YES;
				CLANG_WARN_ENUM_CONVERSION = YES;
				CLANG_WARN_INFINITE_RECURSION = YES;
				CLANG_WARN_INT_CONVERSION = YES;
				CLANG_WARN_OBJC_ROOT_CLASS = YES_ERROR;
				CLANG_WARN_SUSPICIOUS_MOVES = YES;
				CLANG_WARN_UNREACHABLE_CODE = YES;
				CLANG_WARN__DUPLICATE_METHOD_MATCH = YES;
				"CODE_SIGN_IDENTITY[sdk=iphoneos*]" = "iPhone Developer";
				COPY_PHASE_STRIP = NO;
				DEBUG_INFORMATION_FORMAT = "dwarf-with-dsym";
				ENABLE_NS_ASSERTIONS = NO;
				ENABLE_STRICT_OBJC_MSGSEND = YES;
				GCC_C_LANGUAGE_STANDARD = gnu99;
				GCC_NO_COMMON_BLOCKS = YES;
				GCC_WARN_64_TO_32_BIT_CONVERSION = YES;
				GCC_WARN_ABOUT_RETURN_TYPE = YES_ERROR;
				GCC_WARN_UNDECLARED_SELECTOR = YES;
				GCC_WARN_UNINITIALIZED_AUTOS = YES_AGGRESSIVE;
				GCC_WARN_UNUSED_FUNCTION = YES;
				GCC_WARN_UNUSED_VARIABLE = YES;
				IPHONEOS_DEPLOYMENT_TARGET = 10.1;
				MTL_ENABLE_DEBUG_INFO = NO;
				SDKROOT = iphoneos;
				SWIFT_OPTIMIZATION_LEVEL = "-Owholemodule";
				TARGETED_DEVICE_FAMILY = "1,2";
				VALIDATE_PRODUCT = YES;
			};
			name = Release;
		};
		1DDB4E4C1E9F241600AECE64 /* Debug */ = {
			isa = XCBuildConfiguration;
			buildSettings = {
				ASSETCATALOG_COMPILER_APPICON_NAME = AppIcon;
				DEVELOPMENT_TEAM = "";
				INFOPLIST_FILE = RiyazLAB10Gestures/Info.plist;
				IPHONEOS_DEPLOYMENT_TARGET = 8.0;
				LD_RUNPATH_SEARCH_PATHS = "$(inherited) @executable_path/Frameworks";
				PRODUCT_BUNDLE_IDENTIFIER = NSP.RiyazLAB10Gestures;
				PRODUCT_NAME = "$(TARGET_NAME)";
				SWIFT_VERSION = 3.0;
			};
			name = Debug;
		};
		1DDB4E4D1E9F241600AECE64 /* Release */ = {
			isa = XCBuildConfiguration;
			buildSettings = {
				ASSETCATALOG_COMPILER_APPICON_NAME = AppIcon;
				DEVELOPMENT_TEAM = "";
				INFOPLIST_FILE = RiyazLAB10Gestures/Info.plist;
				IPHONEOS_DEPLOYMENT_TARGET = 8.0;
				LD_RUNPATH_SEARCH_PATHS = "$(inherited) @executable_path/Frameworks";
				PRODUCT_BUNDLE_IDENTIFIER = NSP.RiyazLAB10Gestures;
				PRODUCT_NAME = "$(TARGET_NAME)";
				SWIFT_VERSION = 3.0;
			};
			name = Release;
		};
/* End XCBuildConfiguration section */

/* Begin XCConfigurationList section */
		1DDB4E341E9F241600AECE64 /* Build configuration list for PBXProject "RiyazLAB10Gestures" */ = {
			isa = XCConfigurationList;
			buildConfigurations = (
				1DDB4E491E9F241600AECE64 /* Debug */,
				1DDB4E4A1E9F241600AECE64 /* Release */,
			);
			defaultConfigurationIsVisible = 0;
			defaultConfigurationName = Release;
		};
		1DDB4E4B1E9F241600AECE64 /* Build configuration list for PBXNativeTarget "RiyazLAB10Gestures" */ = {
			isa = XCConfigurationList;
			buildConfigurations = (
				1DDB4E4C1E9F241600AECE64 /* Debug */,
				1DDB4E4D1E9F241600AECE64 /* Release */,
			);
			defaultConfigurationIsVisible = 0;
			defaultConfigurationName = Release;
		};
/* End XCConfigurationList section */
	};
	rootObject = 1DDB4E311E9F241600AECE64 /* Project object */;
}
